
Microsoft Visual Studio Solution File, Format Version 12.00
# Visual Studio Version 17
VisualStudioVersion = 17.14.37027.9 d17.14
MinimumVisualStudioVersion = 10.0.40219.1
Project("{FAE04EC0-301F-11D3-BF4B-00C04F79EFBC}") = "HealthCoverage", "HealthCoverage.csproj", "{9676F5E2-1450-B8B0-B396-EADA34D084E8}"
EndProject
Global
	GlobalSection(SolutionConfigurationPlatforms) = preSolution
		Debug|Any CPU = Debug|Any CPU
		Release|Any CPU = Release|Any CPU
	EndGlobalSection
	GlobalSection(ProjectConfigurationPlatforms) = postSolution
		{9676F5E2-1450-B8B0-B396-EADA34D084E8}.Debug|Any CPU.ActiveCfg = Debug|Any CPU
		{9676F5E2-1450-B8B0-B396-EADA34D084E8}.Debug|Any CPU.Build.0 = Debug|Any CPU
		{9676F5E2-1450-B8B0-B396-EADA34D084E8}.Release|Any CPU.ActiveCfg = Release|Any CPU
		{9676F5E2-1450-B8B0-B396-EADA34D084E8}.Release|Any CPU.Build.0 = Release|Any CPU
	EndGlobalSection
	GlobalSection(SolutionProperties) = preSolution
		HideSolutionNode = FALSE
	EndGlobalSection
	GlobalSection(ExtensibilityGlobals) = postSolution
		SolutionGuid = {FB24F01A-B9B0-46F8-B896-124132E15931}
	EndGlobalSection
EndGlobal
